
Microsoft Visual Studio Solution File, Format Version 12.00
# Visual Studio Version 17
VisualStudioVersion = 17.0.31903.59
MinimumVisualStudioVersion = 10.0.40219.1
Project("{2150E333-8FDC-42A3-9474-1A3956D46DE8}") = ".root", ".root", "{2EF47CDB-6EB2-498C-859A-30CAEE4521FB}"
	ProjectSection(SolutionItems) = preProject
		.editorconfig = .editorconfig
		.gitignore = .gitignore
		LICENSE = LICENSE
		README.md = README.md
		Directory.Build.props = Directory.Build.props
	EndProjectSection
EndProject
Project("{2150E333-8FDC-42A3-9474-1A3956D46DE8}") = "src", "src", "{BDEBF126-A5BF-4588-9C17-34BE823F7DC6}"
EndProject
Project("{2150E333-8FDC-42A3-9474-1A3956D46DE8}") = "tests", "tests", "{F43253AB-D4A6-4748-A40C-6A82DEC3CDC4}"
EndProject
Project("{FAE04EC0-301F-11D3-BF4B-00C04F79EFBC}") = "PatrimonioTech.Gui.Desktop", "src\PatrimonioTech.Gui.Desktop\PatrimonioTech.Gui.Desktop.csproj", "{70D09FAD-F953-40C9-A7DF-D4911B53ADBC}"
EndProject
Project("{FAE04EC0-301F-11D3-BF4B-00C04F79EFBC}") = "PatrimonioTech.Gui", "src\PatrimonioTech.Gui\PatrimonioTech.Gui.csproj", "{6E6A1A61-C110-4D79-8544-FC98A7A74788}"
EndProject
Project("{FAE04EC0-301F-11D3-BF4B-00C04F79EFBC}") = "PatrimonioTech.Domain", "src\PatrimonioTech.Domain\PatrimonioTech.Domain.csproj", "{CE84AD72-A0CE-47F0-AD95-75B820EECC3F}"
EndProject
Project("{FAE04EC0-301F-11D3-BF4B-00C04F79EFBC}") = "PatrimonioTech.App", "src\PatrimonioTech.App\PatrimonioTech.App.csproj", "{CDC454EA-D4B3-4D39-8452-2474E9F94290}"
EndProject
Project("{FAE04EC0-301F-11D3-BF4B-00C04F79EFBC}") = "PatrimonioTech.Infra", "src\PatrimonioTech.Infra\PatrimonioTech.Infra.csproj", "{8CBD0A75-88B3-4C30-ACD4-476E9515DDAB}"
EndProject
Project("{FAE04EC0-301F-11D3-BF4B-00C04F79EFBC}") = "PatrimonioTech.Domain.Tests", "tests\PatrimonioTech.Domain.Tests\PatrimonioTech.Domain.Tests.csproj", "{365EB418-6461-4167-82D3-666D130B865F}"
EndProject
Project("{FAE04EC0-301F-11D3-BF4B-00C04F79EFBC}") = "PatrimonioTech.App.Tests", "tests\PatrimonioTech.App.Tests\PatrimonioTech.App.Tests.csproj", "{EE121079-C008-4519-A9E1-764E86AD6988}"
EndProject
Project("{FAE04EC0-301F-11D3-BF4B-00C04F79EFBC}") = "PatrimonioTech.Infra.Tests", "tests\PatrimonioTech.Infra.Tests\PatrimonioTech.Infra.Tests.csproj", "{EC15A9B9-A991-44C4-ABF9-FADEB8B8FD38}"
EndProject
Project("{FAE04EC0-301F-11D3-BF4B-00C04F79EFBC}") = "PatrimonioTech.Gui.Desktop.Tests", "tests\PatrimonioTech.Gui.Desktop.Tests\PatrimonioTech.Gui.Desktop.Tests.csproj", "{B97C1281-9D36-434A-8D92-7C6030AF021B}"
EndProject
Global
	GlobalSection(SolutionConfigurationPlatforms) = preSolution
		Debug|Any CPU = Debug|Any CPU
		Release|Any CPU = Release|Any CPU
	EndGlobalSection
	GlobalSection(SolutionProperties) = preSolution
		HideSolutionNode = FALSE
	EndGlobalSection
	GlobalSection(NestedProjects) = preSolution
		{70D09FAD-F953-40C9-A7DF-D4911B53ADBC} = {BDEBF126-A5BF-4588-9C17-34BE823F7DC6}
		{6E6A1A61-C110-4D79-8544-FC98A7A74788} = {BDEBF126-A5BF-4588-9C17-34BE823F7DC6}
		{CE84AD72-A0CE-47F0-AD95-75B820EECC3F} = {BDEBF126-A5BF-4588-9C17-34BE823F7DC6}
		{CDC454EA-D4B3-4D39-8452-2474E9F94290} = {BDEBF126-A5BF-4588-9C17-34BE823F7DC6}
		{8CBD0A75-88B3-4C30-ACD4-476E9515DDAB} = {BDEBF126-A5BF-4588-9C17-34BE823F7DC6}
		{365EB418-6461-4167-82D3-666D130B865F} = {F43253AB-D4A6-4748-A40C-6A82DEC3CDC4}
		{EE121079-C008-4519-A9E1-764E86AD6988} = {F43253AB-D4A6-4748-A40C-6A82DEC3CDC4}
		{EC15A9B9-A991-44C4-ABF9-FADEB8B8FD38} = {F43253AB-D4A6-4748-A40C-6A82DEC3CDC4}
		{B97C1281-9D36-434A-8D92-7C6030AF021B} = {F43253AB-D4A6-4748-A40C-6A82DEC3CDC4}
	EndGlobalSection
	GlobalSection(ProjectConfigurationPlatforms) = postSolution
		{70D09FAD-F953-40C9-A7DF-D4911B53ADBC}.Debug|Any CPU.ActiveCfg = Debug|Any CPU
		{70D09FAD-F953-40C9-A7DF-D4911B53ADBC}.Debug|Any CPU.Build.0 = Debug|Any CPU
		{70D09FAD-F953-40C9-A7DF-D4911B53ADBC}.Release|Any CPU.ActiveCfg = Release|Any CPU
		{70D09FAD-F953-40C9-A7DF-D4911B53ADBC}.Release|Any CPU.Build.0 = Release|Any CPU
		{6E6A1A61-C110-4D79-8544-FC98A7A74788}.Debug|Any CPU.ActiveCfg = Debug|Any CPU
		{6E6A1A61-C110-4D79-8544-FC98A7A74788}.Debug|Any CPU.Build.0 = Debug|Any CPU
		{6E6A1A61-C110-4D79-8544-FC98A7A74788}.Release|Any CPU.ActiveCfg = Release|Any CPU
		{6E6A1A61-C110-4D79-8544-FC98A7A74788}.Release|Any CPU.Build.0 = Release|Any CPU
		{CE84AD72-A0CE-47F0-AD95-75B820EECC3F}.Debug|Any CPU.ActiveCfg = Debug|Any CPU
		{CE84AD72-A0CE-47F0-AD95-75B820EECC3F}.Debug|Any CPU.Build.0 = Debug|Any CPU
		{CE84AD72-A0CE-47F0-AD95-75B820EECC3F}.Release|Any CPU.ActiveCfg = Release|Any CPU
		{CE84AD72-A0CE-47F0-AD95-75B820EECC3F}.Release|Any CPU.Build.0 = Release|Any CPU
		{CDC454EA-D4B3-4D39-8452-2474E9F94290}.Debug|Any CPU.ActiveCfg = Debug|Any CPU
		{CDC454EA-D4B3-4D39-8452-2474E9F94290}.Debug|Any CPU.Build.0 = Debug|Any CPU
		{CDC454EA-D4B3-4D39-8452-2474E9F94290}.Release|Any CPU.ActiveCfg = Release|Any CPU
		{CDC454EA-D4B3-4D39-8452-2474E9F94290}.Release|Any CPU.Build.0 = Release|Any CPU
		{8CBD0A75-88B3-4C30-ACD4-476E9515DDAB}.Debug|Any CPU.ActiveCfg = Debug|Any CPU
		{8CBD0A75-88B3-4C30-ACD4-476E9515DDAB}.Debug|Any CPU.Build.0 = Debug|Any CPU
		{8CBD0A75-88B3-4C30-ACD4-476E9515DDAB}.Release|Any CPU.ActiveCfg = Release|Any CPU
		{8CBD0A75-88B3-4C30-ACD4-476E9515DDAB}.Release|Any CPU.Build.0 = Release|Any CPU
		{365EB418-6461-4167-82D3-666D130B865F}.Debug|Any CPU.ActiveCfg = Debug|Any CPU
		{365EB418-6461-4167-82D3-666D130B865F}.Debug|Any CPU.Build.0 = Debug|Any CPU
		{365EB418-6461-4167-82D3-666D130B865F}.Release|Any CPU.ActiveCfg = Release|Any CPU
		{365EB418-6461-4167-82D3-666D130B865F}.Release|Any CPU.Build.0 = Release|Any CPU
		{EE121079-C008-4519-A9E1-764E86AD6988}.Debug|Any CPU.ActiveCfg = Debug|Any CPU
		{EE121079-C008-4519-A9E1-764E86AD6988}.Debug|Any CPU.Build.0 = Debug|Any CPU
		{EE121079-C008-4519-A9E1-764E86AD6988}.Release|Any CPU.ActiveCfg = Release|Any CPU
		{EE121079-C008-4519-A9E1-764E86AD6988}.Release|Any CPU.Build.0 = Release|Any CPU
		{EC15A9B9-A991-44C4-ABF9-FADEB8B8FD38}.Debug|Any CPU.ActiveCfg = Debug|Any CPU
		{EC15A9B9-A991-44C4-ABF9-FADEB8B8FD38}.Debug|Any CPU.Build.0 = Debug|Any CPU
		{EC15A9B9-A991-44C4-ABF9-FADEB8B8FD38}.Release|Any CPU.ActiveCfg = Release|Any CPU
		{EC15A9B9-A991-44C4-ABF9-FADEB8B8FD38}.Release|Any CPU.Build.0 = Release|Any CPU
		{B97C1281-9D36-434A-8D92-7C6030AF021B}.Debug|Any CPU.ActiveCfg = Debug|Any CPU
		{B97C1281-9D36-434A-8D92-7C6030AF021B}.Debug|Any CPU.Build.0 = Debug|Any CPU
		{B97C1281-9D36-434A-8D92-7C6030AF021B}.Release|Any CPU.ActiveCfg = Release|Any CPU
		{B97C1281-9D36-434A-8D92-7C6030AF021B}.Release|Any CPU.Build.0 = Release|Any CPU
	EndGlobalSection
EndGlobal
